
Microsoft Visual Studio Solution File, Format Version 12.00
# Visual Studio 15
VisualStudioVersion = 15.0.28307.421
MinimumVisualStudioVersion = 10.0.40219.1
Project("{8BC9CEB8-8B4A-11D0-8D11-00A0C91BC942}") = "2019春季学期程序设计II上机_6_A_花生采摘", "2019春季学期程序设计II上机_6_A_花生采摘\2019春季学期程序设计II上机_6_A_花生采摘.vcxproj", "{BBA38F7C-56C5-44B6-8906-67CC7B9F810C}"
EndProject
Global
	GlobalSection(SolutionConfigurationPlatforms) = preSolution
		Debug|x64 = Debug|x64
		Debug|x86 = Debug|x86
		Release|x64 = Release|x64
		Release|x86 = Release|x86
	EndGlobalSection
	GlobalSection(ProjectConfigurationPlatforms) = postSolution
		{BBA38F7C-56C5-44B6-8906-67CC7B9F810C}.Debug|x64.ActiveCfg = Debug|x64
		{BBA38F7C-56C5-44B6-8906-67CC7B9F810C}.Debug|x64.Build.0 = Debug|x64
		{BBA38F7C-56C5-44B6-8906-67CC7B9F810C}.Debug|x86.ActiveCfg = Debug|Win32
		{BBA38F7C-56C5-44B6-8906-67CC7B9F810C}.Debug|x86.Build.0 = Debug|Win32
		{BBA38F7C-56C5-44B6-8906-67CC7B9F810C}.Release|x64.ActiveCfg = Release|x64
		{BBA38F7C-56C5-44B6-8906-67CC7B9F810C}.Release|x64.Build.0 = Release|x64
		{BBA38F7C-56C5-44B6-8906-67CC7B9F810C}.Release|x86.ActiveCfg = Release|Win32
		{BBA38F7C-56C5-44B6-8906-67CC7B9F810C}.Release|x86.Build.0 = Release|Win32
	EndGlobalSection
	GlobalSection(SolutionProperties) = preSolution
		HideSolutionNode = FALSE
	EndGlobalSection
	GlobalSection(ExtensibilityGlobals) = postSolution
		SolutionGuid = {D0469E0D-CABC-4F1B-858F-E100800DD359}
	EndGlobalSection
EndGlobal
