
Microsoft Visual Studio Solution File, Format Version 12.00
# Visual Studio 15
VisualStudioVersion = 15.0.28307.421
MinimumVisualStudioVersion = 10.0.40219.1
Project("{8BC9CEB8-8B4A-11D0-8D11-00A0C91BC942}") = "2019春季学期程序设计II上机_4_B_潜伏者", "2019春季学期程序设计II上机_4_B_潜伏者\2019春季学期程序设计II上机_4_B_潜伏者.vcxproj", "{5D14819C-C31E-4700-B753-D415C54E4615}"
EndProject
Global
	GlobalSection(SolutionConfigurationPlatforms) = preSolution
		Debug|x64 = Debug|x64
		Debug|x86 = Debug|x86
		Release|x64 = Release|x64
		Release|x86 = Release|x86
	EndGlobalSection
	GlobalSection(ProjectConfigurationPlatforms) = postSolution
		{5D14819C-C31E-4700-B753-D415C54E4615}.Debug|x64.ActiveCfg = Debug|x64
		{5D14819C-C31E-4700-B753-D415C54E4615}.Debug|x64.Build.0 = Debug|x64
		{5D14819C-C31E-4700-B753-D415C54E4615}.Debug|x86.ActiveCfg = Debug|Win32
		{5D14819C-C31E-4700-B753-D415C54E4615}.Debug|x86.Build.0 = Debug|Win32
		{5D14819C-C31E-4700-B753-D415C54E4615}.Release|x64.ActiveCfg = Release|x64
		{5D14819C-C31E-4700-B753-D415C54E4615}.Release|x64.Build.0 = Release|x64
		{5D14819C-C31E-4700-B753-D415C54E4615}.Release|x86.ActiveCfg = Release|Win32
		{5D14819C-C31E-4700-B753-D415C54E4615}.Release|x86.Build.0 = Release|Win32
	EndGlobalSection
	GlobalSection(SolutionProperties) = preSolution
		HideSolutionNode = FALSE
	EndGlobalSection
	GlobalSection(ExtensibilityGlobals) = postSolution
		SolutionGuid = {0323E80D-A833-416C-ACAE-00A0B361C5DD}
	EndGlobalSection
EndGlobal
