
Microsoft Visual Studio Solution File, Format Version 12.00
# Visual Studio 15
VisualStudioVersion = 15.0.28307.421
MinimumVisualStudioVersion = 10.0.40219.1
Project("{8BC9CEB8-8B4A-11D0-8D11-00A0C91BC942}") = "EXP0", "EXP0\EXP0.vcxproj", "{89D9D71E-5D18-4A49-B177-4599B14E6F16}"
EndProject
Global
	GlobalSection(SolutionConfigurationPlatforms) = preSolution
		Debug|x64 = Debug|x64
		Debug|x86 = Debug|x86
		Release|x64 = Release|x64
		Release|x86 = Release|x86
	EndGlobalSection
	GlobalSection(ProjectConfigurationPlatforms) = postSolution
		{89D9D71E-5D18-4A49-B177-4599B14E6F16}.Debug|x64.ActiveCfg = Debug|x64
		{89D9D71E-5D18-4A49-B177-4599B14E6F16}.Debug|x64.Build.0 = Debug|x64
		{89D9D71E-5D18-4A49-B177-4599B14E6F16}.Debug|x86.ActiveCfg = Debug|Win32
		{89D9D71E-5D18-4A49-B177-4599B14E6F16}.Debug|x86.Build.0 = Debug|Win32
		{89D9D71E-5D18-4A49-B177-4599B14E6F16}.Release|x64.ActiveCfg = Release|x64
		{89D9D71E-5D18-4A49-B177-4599B14E6F16}.Release|x64.Build.0 = Release|x64
		{89D9D71E-5D18-4A49-B177-4599B14E6F16}.Release|x86.ActiveCfg = Release|Win32
		{89D9D71E-5D18-4A49-B177-4599B14E6F16}.Release|x86.Build.0 = Release|Win32
	EndGlobalSection
	GlobalSection(SolutionProperties) = preSolution
		HideSolutionNode = FALSE
	EndGlobalSection
	GlobalSection(ExtensibilityGlobals) = postSolution
		SolutionGuid = {AE286D43-88F1-4796-B983-59E5B6151060}
	EndGlobalSection
EndGlobal
